
Microsoft Visual Studio Solution File, Format Version 12.00
# Visual Studio 15
Project("{FAE04EC0-301F-11D3-BF4B-00C04F79EFBC}") = "Assembly-CSharp", "Assembly-CSharp.csproj", "{3A6A8060-B1CE-0B3F-467A-310DA5CC43A1}"
EndProject
Project("{FAE04EC0-301F-11D3-BF4B-00C04F79EFBC}") = "NavMeshComponents", "NavMeshComponents.csproj", "{977BD159-F169-0D89-B8DE-FC64C8D3067C}"
EndProject
Project("{FAE04EC0-301F-11D3-BF4B-00C04F79EFBC}") = "NavMeshComponentsEditor", "NavMeshComponentsEditor.csproj", "{9F3E5666-B1E5-725F-3958-CC78E8A4484D}"
EndProject
Global
	GlobalSection(SolutionConfigurationPlatforms) = preSolution
		Debug|Any CPU = Debug|Any CPU
		Release|Any CPU = Release|Any CPU
	EndGlobalSection
	GlobalSection(ProjectConfigurationPlatforms) = postSolution
		{3A6A8060-B1CE-0B3F-467A-310DA5CC43A1}.Debug|Any CPU.ActiveCfg = Debug|Any CPU
		{3A6A8060-B1CE-0B3F-467A-310DA5CC43A1}.Debug|Any CPU.Build.0 = Debug|Any CPU
		{3A6A8060-B1CE-0B3F-467A-310DA5CC43A1}.Release|Any CPU.ActiveCfg = Release|Any CPU
		{3A6A8060-B1CE-0B3F-467A-310DA5CC43A1}.Release|Any CPU.Build.0 = Release|Any CPU
		{977BD159-F169-0D89-B8DE-FC64C8D3067C}.Debug|Any CPU.ActiveCfg = Debug|Any CPU
		{977BD159-F169-0D89-B8DE-FC64C8D3067C}.Debug|Any CPU.Build.0 = Debug|Any CPU
		{977BD159-F169-0D89-B8DE-FC64C8D3067C}.Release|Any CPU.ActiveCfg = Release|Any CPU
		{977BD159-F169-0D89-B8DE-FC64C8D3067C}.Release|Any CPU.Build.0 = Release|Any CPU
		{9F3E5666-B1E5-725F-3958-CC78E8A4484D}.Debug|Any CPU.ActiveCfg = Debug|Any CPU
		{9F3E5666-B1E5-725F-3958-CC78E8A4484D}.Debug|Any CPU.Build.0 = Debug|Any CPU
		{9F3E5666-B1E5-725F-3958-CC78E8A4484D}.Release|Any CPU.ActiveCfg = Release|Any CPU
		{9F3E5666-B1E5-725F-3958-CC78E8A4484D}.Release|Any CPU.Build.0 = Release|Any CPU
	EndGlobalSection
	GlobalSection(SolutionProperties) = preSolution
		HideSolutionNode = FALSE
	EndGlobalSection
EndGlobal
